
Microsoft Visual Studio Solution File, Format Version 12.00
# Visual Studio Version 17
VisualStudioVersion = 17.5.33424.131
MinimumVisualStudioVersion = 10.0.40219.1
Project("{FAE04EC0-301F-11D3-BF4B-00C04F79EFBC}") = "Language", "Language\Language.csproj", "{749EADDE-BB7C-4397-9265-92512E8E95A4}"
EndProject
Global
	GlobalSection(SolutionConfigurationPlatforms) = preSolution
		Debug|Any CPU = Debug|Any CPU
		Release|Any CPU = Release|Any CPU
	EndGlobalSection
	GlobalSection(ProjectConfigurationPlatforms) = postSolution
		{749EADDE-BB7C-4397-9265-92512E8E95A4}.Debug|Any CPU.ActiveCfg = Debug|Any CPU
		{749EADDE-BB7C-4397-9265-92512E8E95A4}.Debug|Any CPU.Build.0 = Debug|Any CPU
		{749EADDE-BB7C-4397-9265-92512E8E95A4}.Release|Any CPU.ActiveCfg = Release|Any CPU
		{749EADDE-BB7C-4397-9265-92512E8E95A4}.Release|Any CPU.Build.0 = Release|Any CPU
	EndGlobalSection
	GlobalSection(SolutionProperties) = preSolution
		HideSolutionNode = FALSE
	EndGlobalSection
	GlobalSection(ExtensibilityGlobals) = postSolution
		SolutionGuid = {58B91DF1-9A6B-4878-9AD3-725E73BC0C1D}
	EndGlobalSection
EndGlobal
